
Microsoft Visual Studio Solution File, Format Version 12.00
# Visual Studio Version 16
VisualStudioVersion = 16.0.29728.190
MinimumVisualStudioVersion = 10.0.40219.1
Project("{9A19103F-16F7-4668-BE54-9A1E7A4F7556}") = "Read_Write", "Read_Write.csproj", "{3EA25E66-DE46-4CFD-B873-DCDB75DA0DD4}"
EndProject
Global
	GlobalSection(SolutionConfigurationPlatforms) = preSolution
		Debug|Any CPU = Debug|Any CPU
		Release|Any CPU = Release|Any CPU
	EndGlobalSection
	GlobalSection(ProjectConfigurationPlatforms) = postSolution
		{3EA25E66-DE46-4CFD-B873-DCDB75DA0DD4}.Debug|Any CPU.ActiveCfg = Debug|Any CPU
		{3EA25E66-DE46-4CFD-B873-DCDB75DA0DD4}.Debug|Any CPU.Build.0 = Debug|Any CPU
		{3EA25E66-DE46-4CFD-B873-DCDB75DA0DD4}.Release|Any CPU.ActiveCfg = Release|Any CPU
		{3EA25E66-DE46-4CFD-B873-DCDB75DA0DD4}.Release|Any CPU.Build.0 = Release|Any CPU
	EndGlobalSection
	GlobalSection(SolutionProperties) = preSolution
		HideSolutionNode = FALSE
	EndGlobalSection
	GlobalSection(ExtensibilityGlobals) = postSolution
		SolutionGuid = {654252C3-C079-495E-92CD-AD6CC493F079}
	EndGlobalSection
EndGlobal
